github.com/davecgh/go-spew v1.1.1/go.mod h1:J7Y8YcW2NihsgmVo/mv3lAwl/skON4iLHjSsI+c5H38=
github.com/go-test/deep v1.0.4/go.mod h1:wGDj63lr65AM2AQyKZd/NYHGb0R+1RLqB8NKt3aSFNA=
github.com/google/go-cmp v0.5.7/go.mod h1:n+brtR0CgQNWTVd5ZUFpTBC8YFBDLK/h/bpaJ8/DtOE=
github.com/gorilla/websocket v1.4.2 h1:+/TMaTYc4QFitKJxsQ7Yye35DkWvkdLcvGKqM+x0Ufc=
github.com/gorilla/websocket v1.4.2/go.mod h1:YR8l580nyteQvAITg2hZ9XVh4b55+EU/adAjf1fMHhE=
github.com/pmezard/go-difflib v1.0.0/go.mod h1:iKH77koFhYxTK1pcRnkKkqfTogsbg7gZNVY4sRDYZ/4=
github.com/slack-go/slack v0.15.0 h1:LE2lj2y9vqqiOf+qIIy0GvEoxgF1N5yLGZffmEZykt0=
github.com/slack-go/slack v0.15.0/go.mod h1:hlGi5oXA+Gt+yWTPP0plCdRKmjsDxecdHxYQdlMQKOw=
github.com/sony/gobreaker/v2 v2.4.0 h1:g2KJRW1Ubty3+ZOcSEUN7K+REQJdN6yo6XvaML+jptg=
github.com/sony/gobreaker/v2 v2.4.0/go.mod h1:pTyFJgcZ3h2tdQVLZZruK2C0eoFL1fb/G83wK1ZQl+s=
github.com/stretchr/testify v1.2.2/go.mod h1:a8OnRcib4nhh0OaRAV+Yts87kKdq0PP7pXfy6kDkUVs=
golang.org/x/sync v0.19.0 h1:vV+1eWNmZ5geRlYjzm2adRgW2/mcpevXNg50YZtPCE4=
golang.org/x/sync v0.19.0/go.mod h1:9KTHXmSnoGruLpwFjVSX0lNNA75CykiMECbovNTZqGI=
golang.org/x/xerrors v0.0.0-20191204190536-9bdfabe68543/go.mod h1:I/5z698sn9Ka8TeJc9MKroUUfqBBauWjQqLJ2OPfmY0=
